{
  "name": "simpleabi",
  "version": "0.0.5",
  "lockfileVersion": 1,
  "requires": true,
  "dependencies": {
    "bn.js": {
      "version": "5.1.2",
      "resolved": "https://registry.npmjs.org/bn.js/-/bn.js-5.1.2.tgz",
      "integrity": "sha512-40rZaf3bUNKTVYu9sIeeEGOg7g14Yvnj9kH7b50EiwX0Q7A6umbvfI5tvHaOERH0XigqKkfLkFQxzb4e6CIXnA=="
    },
    "colors": {
      "version": "0.6.2",
      "resolved": "https://registry.npmjs.org/colors/-/colors-0.6.2.tgz",
      "integrity": "sha1-JCP+ZnisDF2uiFLl0OW+CMmXq8w=",
      "dev": true
    },
    "simpleunit": {
      "version": "0.0.8",
      "resolved": "https://registry.npmjs.org/simpleunit/-/simpleunit-0.0.8.tgz",
      "integrity": "sha512-TDf+AlyvV5Z+c/FGgLxsOvpIaN4ExaSE79XvOcYSGNHLoOnZ1GpfvENyuL/T3j5bIQxlxPag7kvA5C0so7ZN2w==",
      "dev": true,
      "requires": {
        "colors": "0.6.x"
      }
    }
  }
}
